
Microsoft Visual Studio Solution File, Format Version 12.00
# Visual Studio Version 16
VisualStudioVersion = 16.0.32126.315
MinimumVisualStudioVersion = 10.0.40219.1
Project("{FAE04EC0-301F-11D3-BF4B-00C04F79EFBC}") = "17-03-2022", "17-03-2022\17-03-2022.csproj", "{50683F02-587F-4401-9604-5196E6426888}"
EndProject
Global
	GlobalSection(SolutionConfigurationPlatforms) = preSolution
		Debug|Any CPU = Debug|Any CPU
		Release|Any CPU = Release|Any CPU
	EndGlobalSection
	GlobalSection(ProjectConfigurationPlatforms) = postSolution
		{50683F02-587F-4401-9604-5196E6426888}.Debug|Any CPU.ActiveCfg = Debug|Any CPU
		{50683F02-587F-4401-9604-5196E6426888}.Debug|Any CPU.Build.0 = Debug|Any CPU
		{50683F02-587F-4401-9604-5196E6426888}.Release|Any CPU.ActiveCfg = Release|Any CPU
		{50683F02-587F-4401-9604-5196E6426888}.Release|Any CPU.Build.0 = Release|Any CPU
	EndGlobalSection
	GlobalSection(SolutionProperties) = preSolution
		HideSolutionNode = FALSE
	EndGlobalSection
	GlobalSection(ExtensibilityGlobals) = postSolution
		SolutionGuid = {7400E0F9-A785-42BB-9479-F09B0CA77AB9}
	EndGlobalSection
EndGlobal
